{
  "name": "agentic-sdlc",
  "version": "0.1.0",
  "lockfileVersion": 3,
  "requires": true,
  "packages": {
    "": {
      "name": "agentic-sdlc",
      "version": "0.1.0",
      "dependencies": {
        "@github/copilot-sdk": "^1.0.14",
        "zod": "^3.25.76"
      },
      "devDependencies": {
        "@types/node": "^22.15.21",
        "typescript": "^5.8.3"
      }
    },
    "node_modules/@github/copilot-sdk": {
      "version": "1.0.14",
      "resolved": "https://registry.npmjs.org/@github/copilot-sdk/-/copilot-sdk-1.0.14.tgz",
      "integrity": "sha512-knNiXKO7jpp8OrLc8ePGuPssf7CsktJwhv4ukfFXfB2RNgO/59hloSILaEL+mDjwt+QjawrLqgO3HN7Pyud2hA==",
      "license": "MIT",
      "dependencies": {
        "koffi": "^3.2.1",
        "vscode-jsonrpc": "^8.2.1",
        "zod": "^4.3.6"
      },
      "engines": {
        "node": "^20.19.0 || >=22.12.0"
      },
      "optionalDependencies": {
        "@github/copilot-sdk-darwin-arm64": "1.0.14",
        "@github/copilot-sdk-darwin-x64": "1.0.14",
        "@github/copilot-sdk-linux-arm64": "1.0.14",
        "@github/copilot-sdk-linux-x64": "1.0.14",
        "@github/copilot-sdk-linuxmusl-arm64": "1.0.14",
        "@github/copilot-sdk-linuxmusl-x64": "1.0.14",
        "@github/copilot-sdk-win32-arm64": "1.0.14",
        "@github/copilot-sdk-win32-x64": "1.0.14"
      }
    },
    "node_modules/@github/copilot-sdk-darwin-arm64": {
      "version": "1.0.14",
      "resolved": "https://registry.npmjs.org/@github/copilot-sdk-darwin-arm64/-/copilot-sdk-darwin-arm64-1.0.14.tgz",
      "integrity": "sha512-ABvcmAiKl6r8OVeHDNPFgVjhdWYliVuySlTjauNxbhhfKbrGAiEdb2wZyIqdenxPQrUXjK5iUq39oNohpfUDHQ==",
      "cpu": [
        "arm64"
      ],
      "license": "MIT",
      "optional": true,
      "os": [
        "darwin"
      ]
    },
    "node_modules/@github/copilot-sdk-darwin-x64": {
      "version": "1.0.14",
      "resolved": "https://registry.npmjs.org/@github/copilot-sdk-darwin-x64/-/copilot-sdk-darwin-x64-1.0.14.tgz",
      "integrity": "sha512-p7rL65ORq0bsq7geje3NL/HpPWXMYiII6AiS3wNWR947wdap6YEjVKI3MKmbx8JD+EfTqLW7uTQhlKMReZwlEA==",
      "cpu": [
        "x64"
      ],
      "license": "MIT",
      "optional": true,
      "os": [
        "darwin"
      ]
    },
    "node_modules/@github/copilot-sdk-linux-arm64": {
      "version": "1.0.14",
      "resolved": "https://registry.npmjs.org/@github/copilot-sdk-linux-arm64/-/copilot-sdk-linux-arm64-1.0.14.tgz",
      "integrity": "sha512-08ocvNmme++Tf/kAbppleJqE/GWUmLn4LUSf+6ZkmWspOXkoF3YRWBlVKNlZZXRBZ8MexJJ8Naci+ky5m55UmQ==",
      "cpu": [
        "arm64"
      ],
      "license": "MIT",
      "optional": true,
      "os": [
        "linux"
      ]
    },
    "node_modules/@github/copilot-sdk-linux-x64": {
      "version": "1.0.14",
      "resolved": "https://registry.npmjs.org/@github/copilot-sdk-linux-x64/-/copilot-sdk-linux-x64-1.0.14.tgz",
      "integrity": "sha512-1wlAVTK1z7ovAez0tixr+f77TnjB3fqKobamu1pG7FYyCTwQuyU4p1aWNXF9j/u1d7rxSY1n9cAxrtEAUkizbg==",
      "cpu": [
        "x64"
      ],
      "license": "MIT",
      "optional": true,
      "os": [
        "linux"
      ]
    },
    "node_modules/@github/copilot-sdk-linuxmusl-arm64": {
      "version": "1.0.14",
      "resolved": "https://registry.npmjs.org/@github/copilot-sdk-linuxmusl-arm64/-/copilot-sdk-linuxmusl-arm64-1.0.14.tgz",
      "integrity": "sha512-KNQPD698QRxswtFWYq46hzk8/vWhSEAZAtvBwkD5VHxooClZLESC00D55dTA5dC4mZv9SRHUhbpbQhUHfKYMuA==",
      "cpu": [
        "arm64"
      ],
      "license": "MIT",
      "optional": true,
      "os": [
        "linux"
      ]
    },
    "node_modules/@github/copilot-sdk-linuxmusl-x64": {
      "version": "1.0.14",
      "resolved": "https://registry.npmjs.org/@github/copilot-sdk-linuxmusl-x64/-/copilot-sdk-linuxmusl-x64-1.0.14.tgz",
      "integrity": "sha512-tNNeJl53hXEkqeGudNAsHQk9OrSUbt2EdPhtugcQxscabaEFutd7KwQH6jmvvYW7Sifgl59ySWTd4ok/9I94kg==",
      "cpu": [
        "x64"
      ],
      "license": "MIT",
      "optional": true,
      "os": [
        "linux"
      ]
    },
    "node_modules/@github/copilot-sdk-win32-arm64": {
      "version": "1.0.14",
      "resolved": "https://registry.npmjs.org/@github/copilot-sdk-win32-arm64/-/copilot-sdk-win32-arm64-1.0.14.tgz",
      "integrity": "sha512-GZiw+r+6yNhPlsT1y1sDzUR8HRnduJZFdZzhjNQi+VC0GkdZiYz12yiABwLhN9FxSD079Y4FsNUHiCLUdskNcA==",
      "cpu": [
        "arm64"
      ],
      "license": "MIT",
      "optional": true,
      "os": [
        "win32"
      ]
    },
    "node_modules/@github/copilot-sdk-win32-x64": {
      "version": "1.0.14",
      "resolved": "https://registry.npmjs.org/@github/copilot-sdk-win32-x64/-/copilot-sdk-win32-x64-1.0.14.tgz",
      "integrity": "sha512-+HCmPN4GKbLBdRcutdmxh9bKrRWEEA6g6jwG3lCbtExa5OKfi5QAtubsDjdBlq3HzPDU/csIlaRTJ/q3vik2oQ==",
      "cpu": [
        "x64"
      ],
      "license": "MIT",
      "optional": true,
      "os": [
        "win32"
      ]
    },
    "node_modules/@github/copilot-sdk/node_modules/zod": {
      "version": "4.6.5",
      "resolved": "https://registry.npmjs.org/zod/-/zod-4.6.5.tgz",
      "integrity": "sha512-v5l/aFXZQeai4awLbOpSoHecE9UiMrnfx75tEXLjNonXVARxQ5mOeipTjROUchszUNCqnE+hqAMujRsRHsut2Q==",
      "license": "MIT",
      "funding": {
        "url": "https://github.com/sponsors/colinhacks"
      }
    },
    "node_modules/@koromix/koffi-android-arm64": {
      "version": "3.3.0",
      "resolved": "https://registry.npmjs.org/@koromix/koffi-android-arm64/-/koffi-android-arm64-3.3.0.tgz",
      "integrity": "sha512-lHXE2mq+uG6CVeX1iepn2ATcAWMZPagr+J0ICYge7wTMDYc5pPRQMq0Rr/16775i6QlUqQqpk8c5Gu66+u3gGA==",
      "cpu": [
        "arm64"
      ],
      "license": "MIT",
      "optional": true,
      "os": [
        "android"
      ],
      "funding": {
        "url": "https://liberapay.com/Koromix"
      }
    },
    "node_modules/@koromix/koffi-android-x64": {
      "version": "3.3.0",
      "resolved": "https://registry.npmjs.org/@koromix/koffi-android-x64/-/koffi-android-x64-3.3.0.tgz",
      "integrity": "sha512-7EeVK/KS9XNbOsUfy0B3uuSjPQZenjJ35y9QSi6R6eK4Fv0oGvREQaBzIJRJwonxp7sJfGObnwnQTnKTVK2DWA==",
      "cpu": [
        "x64"
      ],
      "license": "MIT",
      "optional": true,
      "os": [
        "android"
      ],
      "funding": {
        "url": "https://liberapay.com/Koromix"
      }
    },
    "node_modules/@koromix/koffi-darwin-arm64": {
      "version": "3.3.0",
      "resolved": "https://registry.npmjs.org/@koromix/koffi-darwin-arm64/-/koffi-darwin-arm64-3.3.0.tgz",
      "integrity": "sha512-2R9bihYmYFyRP98wRG2m5WQVKMONf7DoPJI8RkGCOUB2afOXJEVXFepiSKxBZGPml8i1USwAxMUwkzbJ5uMG1A==",
      "cpu": [
        "arm64"
      ],
      "license": "MIT",
      "optional": true,
      "os": [
        "darwin"
      ],
      "funding": {
        "url": "https://liberapay.com/Koromix"
      }
    },
    "node_modules/@koromix/koffi-darwin-x64": {
      "version": "3.3.0",
      "resolved": "https://registry.npmjs.org/@koromix/koffi-darwin-x64/-/koffi-darwin-x64-3.3.0.tgz",
      "integrity": "sha512-OecYCQfzhUx+XyAtatIHlk0jIz87wKNjtYvwlwgMwgaGQwO/TxFeReNo+s3167Rh1a9c8rUIOjq1jfzAPBxbKA==",
      "cpu": [
        "x64"
      ],
      "license": "MIT",
      "optional": true,
      "os": [
        "darwin"
      ],
      "funding": {
        "url": "https://liberapay.com/Koromix"
      }
    },
    "node_modules/@koromix/koffi-freebsd-arm64": {
      "version": "3.3.0",
      "resolved": "https://registry.npmjs.org/@koromix/koffi-freebsd-arm64/-/koffi-freebsd-arm64-3.3.0.tgz",
      "integrity": "sha512-6ytHzV1DuyxTP5LtFmQ3imBk71j/F/Nb0Hcwhjcn35esnknm5rQbgRl6tNRldrkGnM4GIAJpsagooUBh1xAzYg==",
      "cpu": [
        "arm64"
      ],
      "license": "MIT",
      "optional": true,
      "os": [
        "freebsd"
      ],
      "funding": {
        "url": "https://liberapay.com/Koromix"
      }
    },
    "node_modules/@koromix/koffi-freebsd-ia32": {
      "version": "3.3.0",
      "resolved": "https://registry.npmjs.org/@koromix/koffi-freebsd-ia32/-/koffi-freebsd-ia32-3.3.0.tgz",
      "integrity": "sha512-hINo5z1Iz2u3Rx3oHfzcmi5A03gYAoYf4nCJJYaY0bb5IuGdIC7noQTyyI9YxfyTJgoqw3wKFWWYtvsAmEo9Hw==",
      "cpu": [
        "ia32"
      ],
      "license": "MIT",
      "optional": true,
      "os": [
        "freebsd"
      ],
      "funding": {
        "url": "https://liberapay.com/Koromix"
      }
    },
    "node_modules/@koromix/koffi-freebsd-x64": {
      "version": "3.3.0",
      "resolved": "https://registry.npmjs.org/@koromix/koffi-freebsd-x64/-/koffi-freebsd-x64-3.3.0.tgz",
      "integrity": "sha512-7XQYAZh828nW6+y3IdyUNdo2VbVHL5ZC8Qb+yqHrlDjTjVXSyGYZJHAyJZ5c7eSTTKBhtIMTX238rIsdexxrog==",
      "cpu": [
        "x64"
      ],
      "license": "MIT",
      "optional": true,
      "os": [
        "freebsd"
      ],
      "funding": {
        "url": "https://liberapay.com/Koromix"
      }
    },
    "node_modules/@koromix/koffi-linux-arm": {
      "version": "3.3.0",
      "resolved": "https://registry.npmjs.org/@koromix/koffi-linux-arm/-/koffi-linux-arm-3.3.0.tgz",
      "integrity": "sha512-NbahRKKKFkHoFN/ZpLY+w4F6eYSqV4KMN40PmjZ1xQjG/XjYb6PIYgE41c7/acAPxOYqujrcaI3B4BAgWYm5/A==",
      "cpu": [
        "arm"
      ],
      "license": "MIT",
      "optional": true,
      "os": [
        "linux"
      ],
      "funding": {
        "url": "https://liberapay.com/Koromix"
      }
    },
    "node_modules/@koromix/koffi-linux-arm64": {
      "version": "3.3.0",
      "resolved": "https://registry.npmjs.org/@koromix/koffi-linux-arm64/-/koffi-linux-arm64-3.3.0.tgz",
      "integrity": "sha512-Eo/+wGeawGICzJkUlkzi/KerAJ6U1L/Hf7cnJKH7aGgCOY5RRnjUqXs/eL+UDpRcFHzGeUn+Fq+8q2VxYxvAfw==",
      "cpu": [
        "arm64"
      ],
      "license": "MIT",
      "optional": true,
      "os": [
        "linux"
      ],
      "funding": {
        "url": "https://liberapay.com/Koromix"
      }
    },
    "node_modules/@koromix/koffi-linux-ia32": {
      "version": "3.3.0",
      "resolved": "https://registry.npmjs.org/@koromix/koffi-linux-ia32/-/koffi-linux-ia32-3.3.0.tgz",
      "integrity": "sha512-u9tKuj42RFWJU8ZgZqcBhkFCkIZE/SE6oR1ljpukttJUhOVuaf/lmsWxyOxiVu3U8T1gtD658FlLgrbMVIn6aQ==",
      "cpu": [
        "ia32"
      ],
      "license": "MIT",
      "optional": true,
      "os": [
        "linux"
      ],
      "funding": {
        "url": "https://liberapay.com/Koromix"
      }
    },
    "node_modules/@koromix/koffi-linux-loong64": {
      "version": "3.3.0",
      "resolved": "https://registry.npmjs.org/@koromix/koffi-linux-loong64/-/koffi-linux-loong64-3.3.0.tgz",
      "integrity": "sha512-2hKlNZ6OXkTUp6fcueZcP0sQ6yhpdfANg9/mWxDKzT1o8qIj4qJD7UcZLCcRIC8JXiP8JQwZBtlPuyXIqofDQg==",
      "cpu": [
        "loong64"
      ],
      "license": "MIT",
      "optional": true,
      "os": [
        "linux"
      ],
      "funding": {
        "url": "https://liberapay.com/Koromix"
      }
    },
    "node_modules/@koromix/koffi-linux-ppc64": {
      "version": "3.3.0",
      "resolved": "https://registry.npmjs.org/@koromix/koffi-linux-ppc64/-/koffi-linux-ppc64-3.3.0.tgz",
      "integrity": "sha512-bIVAoHgzyRN7xs529BK7rF3BbZUTJgIr0t/wvBvAgaIpreKsdZ/QWxhedKRbTN7ljlDHkPZFmu5XcCjb/vqUag==",
      "cpu": [
        "ppc64"
      ],
      "license": "MIT",
      "optional": true,
      "os": [
        "linux"
      ],
      "funding": {
        "url": "https://liberapay.com/Koromix"
      }
    },
    "node_modules/@koromix/koffi-linux-riscv64": {
      "version": "3.3.0",
      "resolved": "https://registry.npmjs.org/@koromix/koffi-linux-riscv64/-/koffi-linux-riscv64-3.3.0.tgz",
      "integrity": "sha512-2niYAe+TBXbvf7yog/aiHiDUrKQn+RkMSH5x3ZYo65OQyII1CY3Jk2kP3Pe735gq0LzIYJsDuGMW+02ighSadQ==",
      "cpu": [
        "riscv64"
      ],
      "license": "MIT",
      "optional": true,
      "os": [
        "linux"
      ],
      "funding": {
        "url": "https://liberapay.com/Koromix"
      }
    },
    "node_modules/@koromix/koffi-linux-x64": {
      "version": "3.3.0",
      "resolved": "https://registry.npmjs.org/@koromix/koffi-linux-x64/-/koffi-linux-x64-3.3.0.tgz",
      "integrity": "sha512-apU8ZMOrOh1eqMP/Pp0sDZ/WY6A4r6JWph26h63VM9nZ+5KCTYuPgojfoLPNvrfI/bn1PY3+bpXKRhZHI3gxbQ==",
      "cpu": [
        "x64"
      ],
      "license": "MIT",
      "optional": true,
      "os": [
        "linux"
      ],
      "funding": {
        "url": "https://liberapay.com/Koromix"
      }
    },
    "node_modules/@koromix/koffi-openbsd-arm64": {
      "version": "3.3.0",
      "resolved": "https://registry.npmjs.org/@koromix/koffi-openbsd-arm64/-/koffi-openbsd-arm64-3.3.0.tgz",
      "integrity": "sha512-iTyHMCSSs+X579sWJv7XVFMp9gOfROI8IUEwp09YxJpGvmiSoipI0J7kytFuFq6dyuwO0Ymy4JdlmKnCM0qkxg==",
      "cpu": [
        "arm64"
      ],
      "license": "MIT",
      "optional": true,
      "os": [
        "openbsd"
      ],
      "funding": {
        "url": "https://liberapay.com/Koromix"
      }
    },
    "node_modules/@koromix/koffi-openbsd-ia32": {
      "version": "3.3.0",
      "resolved": "https://registry.npmjs.org/@koromix/koffi-openbsd-ia32/-/koffi-openbsd-ia32-3.3.0.tgz",
      "integrity": "sha512-xCvMV+4VNHjTxgVPEsBzU0k8dlA7aoFO5QjRF9lVU/NzGhUedlYvFgaF6IWsGOoWEaNt9hgP4KK/wxMbm9v8EQ==",
      "cpu": [
        "ia32"
      ],
      "license": "MIT",
      "optional": true,
      "os": [
        "openbsd"
      ],
      "funding": {
        "url": "https://liberapay.com/Koromix"
      }
    },
    "node_modules/@koromix/koffi-openbsd-x64": {
      "version": "3.3.0",
      "resolved": "https://registry.npmjs.org/@koromix/koffi-openbsd-x64/-/koffi-openbsd-x64-3.3.0.tgz",
      "integrity": "sha512-xItIwx1elM8k1pTudEfuV/1U2gQ06+rFfxCVXrZkyWYYGTzmA5To00f8garJFR+E9gbjQJbn8QDFvWMI+i2sMA==",
      "cpu": [
        "x64"
      ],
      "license": "MIT",
      "optional": true,
      "os": [
        "openbsd"
      ],
      "funding": {
        "url": "https://liberapay.com/Koromix"
      }
    },
    "node_modules/@koromix/koffi-win32-arm64": {
      "version": "3.3.0",
      "resolved": "https://registry.npmjs.org/@koromix/koffi-win32-arm64/-/koffi-win32-arm64-3.3.0.tgz",
      "integrity": "sha512-fD41LgKBx5i1YlJDuds4tRHAaG5vV55tvagzJwKFDR/5BDeaFvH9QFMUMDoNl2LkmVyeug0dIElHr/oxejh3IA==",
      "cpu": [
        "arm64"
      ],
      "license": "MIT",
      "optional": true,
      "os": [
        "win32"
      ],
      "funding": {
        "url": "https://liberapay.com/Koromix"
      }
    },
    "node_modules/@koromix/koffi-win32-ia32": {
      "version": "3.3.0",
      "resolved": "https://registry.npmjs.org/@koromix/koffi-win32-ia32/-/koffi-win32-ia32-3.3.0.tgz",
      "integrity": "sha512-BfDbDVEuQwPZOvWXawc3JT/7i9cN7QHYotgo014jjXb9pNv46Ykhb0RRglkcHg+SdytW/7pxYn18YwcQP6LLvQ==",
      "cpu": [
        "ia32"
      ],
      "license": "MIT",
      "optional": true,
      "os": [
        "win32"
      ],
      "funding": {
        "url": "https://liberapay.com/Koromix"
      }
    },
    "node_modules/@koromix/koffi-win32-x64": {
      "version": "3.3.0",
      "resolved": "https://registry.npmjs.org/@koromix/koffi-win32-x64/-/koffi-win32-x64-3.3.0.tgz",
      "integrity": "sha512-D+ORp73rTmvGVfq01+4uBmgVZqrPqU9N9xCZCfexaCDlVk0WQsaqid1dGsi6eScJuHt4Cp8s1i5/4CsecxFTKQ==",
      "cpu": [
        "x64"
      ],
      "license": "MIT",
      "optional": true,
      "os": [
        "win32"
      ],
      "funding": {
        "url": "https://liberapay.com/Koromix"
      }
    },
    "node_modules/@types/node": {
      "version": "22.20.3",
      "resolved": "https://registry.npmjs.org/@types/node/-/node-22.20.3.tgz",
      "integrity": "sha512-DZmzkmwHzXrLPAXPyKNDzlIwMMUZCVacoD25ywdy5YTKGbOx/2ld+Q38Im2zJ0vBuZP5Prd3VZutKZyXwkOS8A==",
      "dev": true,
      "license": "MIT",
      "dependencies": {
        "undici-types": "~6.21.0"
      }
    },
    "node_modules/koffi": {
      "version": "3.3.0",
      "resolved": "https://registry.npmjs.org/koffi/-/koffi-3.3.0.tgz",
      "integrity": "sha512-UeyQtptuPeCP0BqKD+Q8ftTQhIUBHO7bXyK9DVIaW9hJSg0BrICm4K5N8Qtn7zKk20sb5vpnES9KBqVksM2kpQ==",
      "hasInstallScript": true,
      "license": "MIT",
      "funding": {
        "url": "https://liberapay.com/Koromix"
      },
      "optionalDependencies": {
        "@koromix/koffi-android-arm64": "3.3.0",
        "@koromix/koffi-android-x64": "3.3.0",
        "@koromix/koffi-darwin-arm64": "3.3.0",
        "@koromix/koffi-darwin-x64": "3.3.0",
        "@koromix/koffi-freebsd-arm64": "3.3.0",
        "@koromix/koffi-freebsd-ia32": "3.3.0",
        "@koromix/koffi-freebsd-x64": "3.3.0",
        "@koromix/koffi-linux-arm": "3.3.0",
        "@koromix/koffi-linux-arm64": "3.3.0",
        "@koromix/koffi-linux-ia32": "3.3.0",
        "@koromix/koffi-linux-loong64": "3.3.0",
        "@koromix/koffi-linux-ppc64": "3.3.0",
        "@koromix/koffi-linux-riscv64": "3.3.0",
        "@koromix/koffi-linux-x64": "3.3.0",
        "@koromix/koffi-openbsd-arm64": "3.3.0",
        "@koromix/koffi-openbsd-ia32": "3.3.0",
        "@koromix/koffi-openbsd-x64": "3.3.0",
        "@koromix/koffi-win32-arm64": "3.3.0",
        "@koromix/koffi-win32-ia32": "3.3.0",
        "@koromix/koffi-win32-x64": "3.3.0"
      }
    },
    "node_modules/typescript": {
      "version": "5.9.3",
      "resolved": "https://registry.npmjs.org/typescript/-/typescript-5.9.3.tgz",
      "integrity": "sha512-jl1vZzPDinLr9eUt3J/t7V6FgNEw9QjvBPdysz9KfQDD41fQrC2Y4vKQdiaUpFT4bXlb1RHhLpp8wtm6M5TgSw==",
      "dev": true,
      "license": "Apache-2.0",
      "bin": {
        "tsc": "bin/tsc",
        "tsserver": "bin/tsserver"
      },
      "engines": {
        "node": ">=14.17"
      }
    },
    "node_modules/undici-types": {
      "version": "6.21.0",
      "resolved": "https://registry.npmjs.org/undici-types/-/undici-types-6.21.0.tgz",
      "integrity": "sha512-iwDZqg0QAGrg9Rav5H4n0M64c3mkR59cJ6wQp+7C4nI0gsmExaedaYLNO44eT4AtBBwjbTiGPMlt2Md0T9H9JQ==",
      "dev": true,
      "license": "MIT"
    },
    "node_modules/vscode-jsonrpc": {
      "version": "8.2.1",
      "resolved": "https://registry.npmjs.org/vscode-jsonrpc/-/vscode-jsonrpc-8.2.1.tgz",
      "integrity": "sha512-kdjOSJ2lLIn7r1rtrMbbNCHjyMPfRnowdKjBQ+mGq6NAW5QY2bEZC/khaC5OR8svbbjvLEaIXkOq45e2X9BIbQ==",
      "license": "MIT",
      "engines": {
        "node": ">=14.0.0"
      }
    },
    "node_modules/zod": {
      "version": "3.25.76",
      "resolved": "https://registry.npmjs.org/zod/-/zod-3.25.76.tgz",
      "integrity": "sha512-gzUt/qt81nXsFGKIFcC3YnfEAx5NkunCfnDlvuBSSFS02bcXu4Lmea0AFIUwbLWxWPx3d9p8S5QoaujKcNQxcQ==",
      "license": "MIT",
      "funding": {
        "url": "https://github.com/sponsors/colinhacks"
      }
    }
  }
}
